
Microsoft Visual Studio Solution File, Format Version 12.00
# Visual Studio Version 17
VisualStudioVersion = 17.1.32328.378
MinimumVisualStudioVersion = 10.0.40219.1
Project("{9A19103F-16F7-4668-BE54-9A1E7A4F7556}") = "LibraryManagementSystem.Presentation", "LibraryManagementSystem.Presentation\LibraryManagementSystem.Presentation.csproj", "{37C4E379-32EB-43CF-98FA-E1B6D88C74C5}"
EndProject
Project("{9A19103F-16F7-4668-BE54-9A1E7A4F7556}") = "LibraryManagementSystem.Application", "LibraryManagementSystem.Application\LibraryManagementSystem.Application.csproj", "{F85BFB06-E236-4DF0-9F7E-3A9E59585142}"
EndProject
Project("{FAE04EC0-301F-11D3-BF4B-00C04F79EFBC}") = "LibraryManagementSystem.Infrastructure", "LibraryManagementSystem.Infrastructure\LibraryManagementSystem.Infrastructure.csproj", "{F104B12A-4E93-45E6-9AD8-4BD94E231D20}"
EndProject
Global
	GlobalSection(SolutionConfigurationPlatforms) = preSolution
		Debug|Any CPU = Debug|Any CPU
		Release|Any CPU = Release|Any CPU
	EndGlobalSection
	GlobalSection(ProjectConfigurationPlatforms) = postSolution
		{37C4E379-32EB-43CF-98FA-E1B6D88C74C5}.Debug|Any CPU.ActiveCfg = Debug|Any CPU
		{37C4E379-32EB-43CF-98FA-E1B6D88C74C5}.Debug|Any CPU.Build.0 = Debug|Any CPU
		{37C4E379-32EB-43CF-98FA-E1B6D88C74C5}.Release|Any CPU.ActiveCfg = Release|Any CPU
		{37C4E379-32EB-43CF-98FA-E1B6D88C74C5}.Release|Any CPU.Build.0 = Release|Any CPU
		{F85BFB06-E236-4DF0-9F7E-3A9E59585142}.Debug|Any CPU.ActiveCfg = Debug|Any CPU
		{F85BFB06-E236-4DF0-9F7E-3A9E59585142}.Debug|Any CPU.Build.0 = Debug|Any CPU
		{F85BFB06-E236-4DF0-9F7E-3A9E59585142}.Release|Any CPU.ActiveCfg = Release|Any CPU
		{F85BFB06-E236-4DF0-9F7E-3A9E59585142}.Release|Any CPU.Build.0 = Release|Any CPU
		{F104B12A-4E93-45E6-9AD8-4BD94E231D20}.Debug|Any CPU.ActiveCfg = Debug|Any CPU
		{F104B12A-4E93-45E6-9AD8-4BD94E231D20}.Debug|Any CPU.Build.0 = Debug|Any CPU
		{F104B12A-4E93-45E6-9AD8-4BD94E231D20}.Release|Any CPU.ActiveCfg = Release|Any CPU
		{F104B12A-4E93-45E6-9AD8-4BD94E231D20}.Release|Any CPU.Build.0 = Release|Any CPU
	EndGlobalSection
	GlobalSection(SolutionProperties) = preSolution
		HideSolutionNode = FALSE
	EndGlobalSection
	GlobalSection(ExtensibilityGlobals) = postSolution
		SolutionGuid = {BFF20B9B-072B-403C-89EC-3493ABC18FBE}
	EndGlobalSection
EndGlobal
